// !$*UTF8*$!
{
	archiveVersion = 1;
	classes = {
	};
	objectVersion = 55;
	objects = {

/* Begin PBXBuildFile section */
		273CFC4328C6D2D300B5F45A /* PascalData.swift in Sources */ = {isa = PBXBuildFile; fileRef = 273CFC4228C6D2D300B5F45A /* PascalData.swift */; };
		273CFC4528C6D7B800B5F45A /* joke.json in Resources */ = {isa = PBXBuildFile; fileRef = 273CFC4428C6D7B800B5F45A /* joke.json */; };
		273CFC4728C6D80A00B5F45A /* JokeData.swift in Sources */ = {isa = PBXBuildFile; fileRef = 273CFC4628C6D80A00B5F45A /* JokeData.swift */; };
		273CFC4928C6EC1200B5F45A /* ShareTwitter.swift in Sources */ = {isa = PBXBuildFile; fileRef = 273CFC4828C6EC1200B5F45A /* ShareTwitter.swift */; };
		273CFC4B28C6F08500B5F45A /* Speecher.swift in Sources */ = {isa = PBXBuildFile; fileRef = 273CFC4A28C6F08500B5F45A /* Speecher.swift */; };
		273CFC4D28C7164900B5F45A /* Favorite.swift in Sources */ = {isa = PBXBuildFile; fileRef = 273CFC4C28C7164900B5F45A /* Favorite.swift */; };
		273CFC4F28C719C500B5F45A /* FavListView.swift in Sources */ = {isa = PBXBuildFile; fileRef = 273CFC4E28C719C500B5F45A /* FavListView.swift */; };
		274059C328C964D0004FC416 /* Alamofire in Frameworks */ = {isa = PBXBuildFile; productRef = 274059C228C964D0004FC416 /* Alamofire */; };
		274059C528C964F0004FC416 /* TranslateView.swift in Sources */ = {isa = PBXBuildFile; fileRef = 274059C428C964F0004FC416 /* TranslateView.swift */; };
		274059C728C985D7004FC416 /* KeyManger.swift in Sources */ = {isa = PBXBuildFile; fileRef = 274059C628C985D7004FC416 /* KeyManger.swift */; };
		274059C928C98631004FC416 /* APIKey.plist in Resources */ = {isa = PBXBuildFile; fileRef = 274059C828C98631004FC416 /* APIKey.plist */; };
		2759B47728C82C6600E5750C /* BuzzData.swift in Sources */ = {isa = PBXBuildFile; fileRef = 2759B47628C82C6600E5750C /* BuzzData.swift */; };
		2759B47928C83DCB00E5750C /* LaunchScreen.storyboard in Resources */ = {isa = PBXBuildFile; fileRef = 2759B47828C83DCB00E5750C /* LaunchScreen.storyboard */; };
		2759B47C28C87F2800E5750C /* CoreData.xcdatamodeld in Sources */ = {isa = PBXBuildFile; fileRef = 2759B47A28C87F2700E5750C /* CoreData.xcdatamodeld */; };
		2759B47E28C8802000E5750C /* Presistence.swift in Sources */ = {isa = PBXBuildFile; fileRef = 2759B47D28C8802000E5750C /* Presistence.swift */; };
		2772F50028C57F120088BDBD /* KillYourTImeApp.swift in Sources */ = {isa = PBXBuildFile; fileRef = 2772F4FF28C57F120088BDBD /* KillYourTImeApp.swift */; };
		2772F50228C57F120088BDBD /* ContentView.swift in Sources */ = {isa = PBXBuildFile; fileRef = 2772F50128C57F120088BDBD /* ContentView.swift */; };
		2772F50428C57F150088BDBD /* Assets.xcassets in Resources */ = {isa = PBXBuildFile; fileRef = 2772F50328C57F150088BDBD /* Assets.xcassets */; };
		2772F50728C57F150088BDBD /* Preview Assets.xcassets in Resources */ = {isa = PBXBuildFile; fileRef = 2772F50628C57F150088BDBD /* Preview Assets.xcassets */; };
		2772F50E28C5863A0088BDBD /* pascal.json in Resources */ = {isa = PBXBuildFile; fileRef = 2772F50D28C5863A0088BDBD /* pascal.json */; };
		2772F51028C592AC0088BDBD /* AdviceData.swift in Sources */ = {isa = PBXBuildFile; fileRef = 2772F50F28C592AC0088BDBD /* AdviceData.swift */; };
/* End PBXBuildFile section */

/* Begin PBXFileReference section */
		273CFC4228C6D2D300B5F45A /* PascalData.swift */ = {isa = PBXFileReference; lastKnownFileType = sourcecode.swift; path = PascalData.swift; sourceTree = "<group>"; };
		273CFC4428C6D7B800B5F45A /* joke.json */ = {isa = PBXFileReference; lastKnownFileType = text.json; path = joke.json; sourceTree = "<group>"; };
		273CFC4628C6D80A00B5F45A /* JokeData.swift */ = {isa = PBXFileReference; lastKnownFileType = sourcecode.swift; path = JokeData.swift; sourceTree = "<group>"; };
		273CFC4828C6EC1200B5F45A /* ShareTwitter.swift */ = {isa = PBXFileReference; lastKnownFileType = sourcecode.swift; path = ShareTwitter.swift; sourceTree = "<group>"; };
		273CFC4A28C6F08500B5F45A /* Speecher.swift */ = {isa = PBXFileReference; lastKnownFileType = sourcecode.swift; path = Speecher.swift; sourceTree = "<group>"; };
		273CFC4C28C7164900B5F45A /* Favorite.swift */ = {isa = PBXFileReference; lastKnownFileType = sourcecode.swift; path = Favorite.swift; sourceTree = "<group>"; };
		273CFC4E28C719C500B5F45A /* FavListView.swift */ = {isa = PBXFileReference; lastKnownFileType = sourcecode.swift; path = FavListView.swift; sourceTree = "<group>"; };
		274059C428C964F0004FC416 /* TranslateView.swift */ = {isa = PBXFileReference; lastKnownFileType = sourcecode.swift; name = TranslateView.swift; path = KillYourTime/TranslateView.swift; sourceTree = SOURCE_ROOT; };
		274059C628C985D7004FC416 /* KeyManger.swift */ = {isa = PBXFileReference; lastKnownFileType = sourcecode.swift; name = KeyManger.swift; path = KillYourTime/KeyManger.swift; sourceTree = SOURCE_ROOT; };
		274059C828C98631004FC416 /* APIKey.plist */ = {isa = PBXFileReference; lastKnownFileType = text.plist; name = APIKey.plist; path = KillYourTime/APIKey.plist; sourceTree = SOURCE_ROOT; };
		2759B47628C82C6600E5750C /* BuzzData.swift */ = {isa = PBXFileReference; lastKnownFileType = sourcecode.swift; path = BuzzData.swift; sourceTree = "<group>"; };
		2759B47828C83DCB00E5750C /* LaunchScreen.storyboard */ = {isa = PBXFileReference; lastKnownFileType = file.storyboard; path = LaunchScreen.storyboard; sourceTree = "<group>"; };
		2759B47B28C87F2800E5750C /* CoreData.xcdatamodel */ = {isa = PBXFileReference; lastKnownFileType = wrapper.xcdatamodel; path = CoreData.xcdatamodel; sourceTree = "<group>"; };
		2759B47D28C8802000E5750C /* Presistence.swift */ = {isa = PBXFileReference; lastKnownFileType = sourcecode.swift; name = Presistence.swift; path = KillYourTime/Presistence.swift; sourceTree = SOURCE_ROOT; };
		2772F4FC28C57F120088BDBD /* KillYourTIme.app */ = {isa = PBXFileReference; explicitFileType = wrapper.application; includeInIndex = 0; path = KillYourTIme.app; sourceTree = BUILT_PRODUCTS_DIR; };
		2772F4FF28C57F120088BDBD /* KillYourTImeApp.swift */ = {isa = PBXFileReference; lastKnownFileType = sourcecode.swift; path = KillYourTImeApp.swift; sourceTree = "<group>"; };
		2772F50128C57F120088BDBD /* ContentView.swift */ = {isa = PBXFileReference; lastKnownFileType = sourcecode.swift; path = ContentView.swift; sourceTree = "<group>"; };
		2772F50328C57F150088BDBD /* Assets.xcassets */ = {isa = PBXFileReference; lastKnownFileType = folder.assetcatalog; path = Assets.xcassets; sourceTree = "<group>"; };
		2772F50628C57F150088BDBD /* Preview Assets.xcassets */ = {isa = PBXFileReference; lastKnownFileType = folder.assetcatalog; path = "Preview Assets.xcassets"; sourceTree = "<group>"; };
		2772F50D28C5863A0088BDBD /* pascal.json */ = {isa = PBXFileReference; lastKnownFileType = text.json; path = pascal.json; sourceTree = "<group>"; };
		2772F50F28C592AC0088BDBD /* AdviceData.swift */ = {isa = PBXFileReference; lastKnownFileType = sourcecode.swift; path = AdviceData.swift; sourceTree = "<group>"; };
		2772F51128C59AB60088BDBD /* Info.plist */ = {isa = PBXFileReference; lastKnownFileType = text.plist; path = Info.plist; sourceTree = "<group>"; };
/* End PBXFileReference section */

/* Begin PBXFrameworksBuildPhase section */
		2772F4F928C57F120088BDBD /* Frameworks */ = {
			isa = PBXFrameworksBuildPhase;
			buildActionMask = 2147483647;
			files = (
				274059C328C964D0004FC416 /* Alamofire in Frameworks */,
			);
			runOnlyForDeploymentPostprocessing = 0;
		};
/* End PBXFrameworksBuildPhase section */

/* Begin PBXGroup section */
		2772F4F328C57F120088BDBD = {
			isa = PBXGroup;
			children = (
				2772F4FE28C57F120088BDBD /* KillYourTIme */,
				2772F4FD28C57F120088BDBD /* Products */,
			);
			sourceTree = "<group>";
		};
		2772F4FD28C57F120088BDBD /* Products */ = {
			isa = PBXGroup;
			children = (
				2772F4FC28C57F120088BDBD /* KillYourTIme.app */,
			);
			name = Products;
			sourceTree = "<group>";
		};
		2772F4FE28C57F120088BDBD /* KillYourTIme */ = {
			isa = PBXGroup;
			children = (
				2772F51128C59AB60088BDBD /* Info.plist */,
				2772F4FF28C57F120088BDBD /* KillYourTImeApp.swift */,
				2772F50128C57F120088BDBD /* ContentView.swift */,
				273CFC4E28C719C500B5F45A /* FavListView.swift */,
				273CFC4C28C7164900B5F45A /* Favorite.swift */,
				273CFC4A28C6F08500B5F45A /* Speecher.swift */,
				273CFC4828C6EC1200B5F45A /* ShareTwitter.swift */,
				2772F50F28C592AC0088BDBD /* AdviceData.swift */,
				273CFC4228C6D2D300B5F45A /* PascalData.swift */,
				2759B47828C83DCB00E5750C /* LaunchScreen.storyboard */,
				2772F50328C57F150088BDBD /* Assets.xcassets */,
				2772F50D28C5863A0088BDBD /* pascal.json */,
				273CFC4428C6D7B800B5F45A /* joke.json */,
				273CFC4628C6D80A00B5F45A /* JokeData.swift */,
				2759B47628C82C6600E5750C /* BuzzData.swift */,
				2759B47A28C87F2700E5750C /* CoreData.xcdatamodeld */,
				2759B47D28C8802000E5750C /* Presistence.swift */,
				274059C428C964F0004FC416 /* TranslateView.swift */,
				274059C628C985D7004FC416 /* KeyManger.swift */,
				274059C828C98631004FC416 /* APIKey.plist */,
				2772F50528C57F150088BDBD /* Preview Content */,
			);
			path = KillYourTIme;
			sourceTree = "<group>";
		};
		2772F50528C57F150088BDBD /* Preview Content */ = {
			isa = PBXGroup;
			children = (
				2772F50628C57F150088BDBD /* Preview Assets.xcassets */,
			);
			path = "Preview Content";
			sourceTree = "<group>";
		};
/* End PBXGroup section */

/* Begin PBXNativeTarget section */
		2772F4FB28C57F120088BDBD /* KillYourTIme */ = {
			isa = PBXNativeTarget;
			buildConfigurationList = 2772F50A28C57F150088BDBD /* Build configuration list for PBXNativeTarget "KillYourTIme" */;
			buildPhases = (
				2772F4F828C57F120088BDBD /* Sources */,
				2772F4F928C57F120088BDBD /* Frameworks */,
				2772F4FA28C57F120088BDBD /* Resources */,
			);
			buildRules = (
			);
			dependencies = (
			);
			name = KillYourTIme;
			packageProductDependencies = (
				274059C228C964D0004FC416 /* Alamofire */,
			);
			productName = KillYourTIme;
			productReference = 2772F4FC28C57F120088BDBD /* KillYourTIme.app */;
			productType = "com.apple.product-type.application";
		};
/* End PBXNativeTarget section */

/* Begin PBXProject section */
		2772F4F428C57F120088BDBD /* Project object */ = {
			isa = PBXProject;
			attributes = {
				BuildIndependentTargetsInParallel = 1;
				LastSwiftUpdateCheck = 1340;
				LastUpgradeCheck = 1340;
				TargetAttributes = {
					2772F4FB28C57F120088BDBD = {
						CreatedOnToolsVersion = 13.4.1;
					};
				};
			};
			buildConfigurationList = 2772F4F728C57F120088BDBD /* Build configuration list for PBXProject "KillYourTime" */;
			compatibilityVersion = "Xcode 13.0";
			developmentRegion = en;
			hasScannedForEncodings = 0;
			knownRegions = (
				en,
				Base,
			);
			mainGroup = 2772F4F328C57F120088BDBD;
			packageReferences = (
				274059C128C964D0004FC416 /* XCRemoteSwiftPackageReference "Alamofire" */,
			);
			productRefGroup = 2772F4FD28C57F120088BDBD /* Products */;
			projectDirPath = "";
			projectRoot = "";
			targets = (
				2772F4FB28C57F120088BDBD /* KillYourTIme */,
			);
		};
/* End PBXProject section */

/* Begin PBXResourcesBuildPhase section */
		2772F4FA28C57F120088BDBD /* Resources */ = {
			isa = PBXResourcesBuildPhase;
			buildActionMask = 2147483647;
			files = (
				2772F50728C57F150088BDBD /* Preview Assets.xcassets in Resources */,
				2772F50E28C5863A0088BDBD /* pascal.json in Resources */,
				2759B47928C83DCB00E5750C /* LaunchScreen.storyboard in Resources */,
				274059C928C98631004FC416 /* APIKey.plist in Resources */,
				2772F50428C57F150088BDBD /* Assets.xcassets in Resources */,
				273CFC4528C6D7B800B5F45A /* joke.json in Resources */,
			);
			runOnlyForDeploymentPostprocessing = 0;
		};
/* End PBXResourcesBuildPhase section */

/* Begin PBXSourcesBuildPhase section */
		2772F4F828C57F120088BDBD /* Sources */ = {
			isa = PBXSourcesBuildPhase;
			buildActionMask = 2147483647;
			files = (
				274059C528C964F0004FC416 /* TranslateView.swift in Sources */,
				2772F50228C57F120088BDBD /* ContentView.swift in Sources */,
				273CFC4D28C7164900B5F45A /* Favorite.swift in Sources */,
				273CFC4F28C719C500B5F45A /* FavListView.swift in Sources */,
				2759B47C28C87F2800E5750C /* CoreData.xcdatamodeld in Sources */,
				2772F51028C592AC0088BDBD /* AdviceData.swift in Sources */,
				273CFC4728C6D80A00B5F45A /* JokeData.swift in Sources */,
				274059C728C985D7004FC416 /* KeyManger.swift in Sources */,
				273CFC4B28C6F08500B5F45A /* Speecher.swift in Sources */,
				273CFC4928C6EC1200B5F45A /* ShareTwitter.swift in Sources */,
				273CFC4328C6D2D300B5F45A /* PascalData.swift in Sources */,
				2759B47E28C8802000E5750C /* Presistence.swift in Sources */,
				2759B47728C82C6600E5750C /* BuzzData.swift in Sources */,
				2772F50028C57F120088BDBD /* KillYourTImeApp.swift in Sources */,
			);
			runOnlyForDeploymentPostprocessing = 0;
		};
/* End PBXSourcesBuildPhase section */

/* Begin XCBuildConfiguration section */
		2772F50828C57F150088BDBD /* Debug */ = {
			isa = XCBuildConfiguration;
			buildSettings = {
				ALWAYS_SEARCH_USER_PATHS = NO;
				CLANG_ANALYZER_NONNULL = YES;
				CLANG_ANALYZER_NUMBER_OBJECT_CONVERSION = YES_AGGRESSIVE;
				CLANG_CXX_LANGUAGE_STANDARD = "gnu++17";
				CLANG_ENABLE_MODULES = YES;
				CLANG_ENABLE_OBJC_ARC = YES;
				CLANG_ENABLE_OBJC_WEAK = YES;
				CLANG_WARN_BLOCK_CAPTURE_AUTORELEASING = YES;
				CLANG_WARN_BOOL_CONVERSION = YES;
				CLANG_WARN_COMMA = YES;
				CLANG_WARN_CONSTANT_CONVERSION = YES;
				CLANG_WARN_DEPRECATED_OBJC_IMPLEMENTATIONS = YES;
				CLANG_WARN_DIRECT_OBJC_ISA_USAGE = YES_ERROR;
				CLANG_WARN_DOCUMENTATION_COMMENTS = YES;
				CLANG_WARN_EMPTY_BODY = YES;
				CLANG_WARN_ENUM_CONVERSION = YES;
				CLANG_WARN_INFINITE_RECURSION = YES;
				CLANG_WARN_INT_CONVERSION = YES;
				CLANG_WARN_NON_LITERAL_NULL_CONVERSION = YES;
				CLANG_WARN_OBJC_IMPLICIT_RETAIN_SELF = YES;
				CLANG_WARN_OBJC_LITERAL_CONVERSION = YES;
				CLANG_WARN_OBJC_ROOT_CLASS = YES_ERROR;
				CLANG_WARN_QUOTED_INCLUDE_IN_FRAMEWORK_HEADER = YES;
				CLANG_WARN_RANGE_LOOP_ANALYSIS = YES;
				CLANG_WARN_STRICT_PROTOTYPES = YES;
				CLANG_WARN_SUSPICIOUS_MOVE = YES;
				CLANG_WARN_UNGUARDED_AVAILABILITY = YES_AGGRESSIVE;
				CLANG_WARN_UNREACHABLE_CODE = YES;
				CLANG_WARN__DUPLICATE_METHOD_MATCH = YES;
				COPY_PHASE_STRIP = NO;
				DEBUG_INFORMATION_FORMAT = dwarf;
				ENABLE_STRICT_OBJC_MSGSEND = YES;
				ENABLE_TESTABILITY = YES;
				GCC_C_LANGUAGE_STANDARD = gnu11;
				GCC_DYNAMIC_NO_PIC = NO;
				GCC_NO_COMMON_BLOCKS = YES;
				GCC_OPTIMIZATION_LEVEL = 0;
				GCC_PREPROCESSOR_DEFINITIONS = (
					"DEBUG=1",
					"$(inherited)",
				);
				GCC_WARN_64_TO_32_BIT_CONVERSION = YES;
				GCC_WARN_ABOUT_RETURN_TYPE = YES_ERROR;
				GCC_WARN_UNDECLARED_SELECTOR = YES;
				GCC_WARN_UNINITIALIZED_AUTOS = YES_AGGRESSIVE;
				GCC_WARN_UNUSED_FUNCTION = YES;
				GCC_WARN_UNUSED_VARIABLE = YES;
				IPHONEOS_DEPLOYMENT_TARGET = 15.5;
				MTL_ENABLE_DEBUG_INFO = INCLUDE_SOURCE;
				MTL_FAST_MATH = YES;
				ONLY_ACTIVE_ARCH = YES;
				SDKROOT = iphoneos;
				SWIFT_ACTIVE_COMPILATION_CONDITIONS = DEBUG;
				SWIFT_OPTIMIZATION_LEVEL = "-Onone";
			};
			name = Debug;
		};
		2772F50928C57F150088BDBD /* Release */ = {
			isa = XCBuildConfiguration;
			buildSettings = {
				ALWAYS_SEARCH_USER_PATHS = NO;
				CLANG_ANALYZER_NONNULL = YES;
				CLANG_ANALYZER_NUMBER_OBJECT_CONVERSION = YES_AGGRESSIVE;
				CLANG_CXX_LANGUAGE_STANDARD = "gnu++17";
				CLANG_ENABLE_MODULES = YES;
				CLANG_ENABLE_OBJC_ARC = YES;
				CLANG_ENABLE_OBJC_WEAK = YES;
				CLANG_WARN_BLOCK_CAPTURE_AUTORELEASING = YES;
				CLANG_WARN_BOOL_CONVERSION = YES;
				CLANG_WARN_COMMA = YES;
				CLANG_WARN_CONSTANT_CONVERSION = YES;
				CLANG_WARN_DEPRECATED_OBJC_IMPLEMENTATIONS = YES;
				CLANG_WARN_DIRECT_OBJC_ISA_USAGE = YES_ERROR;
				CLANG_WARN_DOCUMENTATION_COMMENTS = YES;
				CLANG_WARN_EMPTY_BODY = YES;
				CLANG_WARN_ENUM_CONVERSION = YES;
				CLANG_WARN_INFINITE_RECURSION = YES;
				CLANG_WARN_INT_CONVERSION = YES;
				CLANG_WARN_NON_LITERAL_NULL_CONVERSION = YES;
				CLANG_WARN_OBJC_IMPLICIT_RETAIN_SELF = YES;
				CLANG_WARN_OBJC_LITERAL_CONVERSION = YES;
				CLANG_WARN_OBJC_ROOT_CLASS = YES_ERROR;
				CLANG_WARN_QUOTED_INCLUDE_IN_FRAMEWORK_HEADER = YES;
				CLANG_WARN_RANGE_LOOP_ANALYSIS = YES;
				CLANG_WARN_STRICT_PROTOTYPES = YES;
				CLANG_WARN_SUSPICIOUS_MOVE = YES;
				CLANG_WARN_UNGUARDED_AVAILABILITY = YES_AGGRESSIVE;
				CLANG_WARN_UNREACHABLE_CODE = YES;
				CLANG_WARN__DUPLICATE_METHOD_MATCH = YES;
				COPY_PHASE_STRIP = NO;
				DEBUG_INFORMATION_FORMAT = "dwarf-with-dsym";
				ENABLE_NS_ASSERTIONS = NO;
				ENABLE_STRICT_OBJC_MSGSEND = YES;
				GCC_C_LANGUAGE_STANDARD = gnu11;
				GCC_NO_COMMON_BLOCKS = YES;
				GCC_WARN_64_TO_32_BIT_CONVERSION = YES;
				GCC_WARN_ABOUT_RETURN_TYPE = YES_ERROR;
				GCC_WARN_UNDECLARED_SELECTOR = YES;
				GCC_WARN_UNINITIALIZED_AUTOS = YES_AGGRESSIVE;
				GCC_WARN_UNUSED_FUNCTION = YES;
				GCC_WARN_UNUSED_VARIABLE = YES;
				IPHONEOS_DEPLOYMENT_TARGET = 15.5;
				MTL_ENABLE_DEBUG_INFO = NO;
				MTL_FAST_MATH = YES;
				SDKROOT = iphoneos;
				SWIFT_COMPILATION_MODE = wholemodule;
				SWIFT_OPTIMIZATION_LEVEL = "-O";
				VALIDATE_PRODUCT = YES;
			};
			name = Release;
		};
		2772F50B28C57F150088BDBD /* Debug */ = {
			isa = XCBuildConfiguration;
			buildSettings = {
				ASSETCATALOG_COMPILER_APPICON_NAME = AppIcon;
				ASSETCATALOG_COMPILER_GLOBAL_ACCENT_COLOR_NAME = AccentColor;
				CODE_SIGN_STYLE = Automatic;
				CURRENT_PROJECT_VERSION = 1;
				DEVELOPMENT_ASSET_PATHS = "\"KillYourTIme/Preview Content\"";
				DEVELOPMENT_TEAM = URPVGP29TU;
				ENABLE_PREVIEWS = YES;
				GENERATE_INFOPLIST_FILE = YES;
				INFOPLIST_FILE = KillYourTIme/Info.plist;
				INFOPLIST_KEY_UIApplicationSceneManifest_Generation = YES;
				INFOPLIST_KEY_UIApplicationSupportsIndirectInputEvents = YES;
				INFOPLIST_KEY_UILaunchStoryboardName = LaunchScreen;
				INFOPLIST_KEY_UISupportedInterfaceOrientations_iPad = "UIInterfaceOrientationPortrait UIInterfaceOrientationPortraitUpsideDown UIInterfaceOrientationLandscapeLeft UIInterfaceOrientationLandscapeRight";
				INFOPLIST_KEY_UISupportedInterfaceOrientations_iPhone = "UIInterfaceOrientationPortrait UIInterfaceOrientationLandscapeLeft UIInterfaceOrientationLandscapeRight";
				LD_RUNPATH_SEARCH_PATHS = (
					"$(inherited)",
					"@executable_path/Frameworks",
				);
				MARKETING_VERSION = 1.0;
				PRODUCT_BUNDLE_IDENTIFIER = com.kiki.KillYourTIme;
				PRODUCT_NAME = "$(TARGET_NAME)";
				SWIFT_EMIT_LOC_STRINGS = YES;
				SWIFT_VERSION = 5.0;
				TARGETED_DEVICE_FAMILY = "1,2";
			};
			name = Debug;
		};
		2772F50C28C57F150088BDBD /* Release */ = {
			isa = XCBuildConfiguration;
			buildSettings = {
				ASSETCATALOG_COMPILER_APPICON_NAME = AppIcon;
				ASSETCATALOG_COMPILER_GLOBAL_ACCENT_COLOR_NAME = AccentColor;
				CODE_SIGN_STYLE = Automatic;
				CURRENT_PROJECT_VERSION = 1;
				DEVELOPMENT_ASSET_PATHS = "\"KillYourTIme/Preview Content\"";
				DEVELOPMENT_TEAM = URPVGP29TU;
				ENABLE_PREVIEWS = YES;
				GENERATE_INFOPLIST_FILE = YES;
				INFOPLIST_FILE = KillYourTIme/Info.plist;
				INFOPLIST_KEY_UIApplicationSceneManifest_Generation = YES;
				INFOPLIST_KEY_UIApplicationSupportsIndirectInputEvents = YES;
				INFOPLIST_KEY_UILaunchStoryboardName = LaunchScreen;
				INFOPLIST_KEY_UISupportedInterfaceOrientations_iPad = "UIInterfaceOrientationPortrait UIInterfaceOrientationPortraitUpsideDown UIInterfaceOrientationLandscapeLeft UIInterfaceOrientationLandscapeRight";
				INFOPLIST_KEY_UISupportedInterfaceOrientations_iPhone = "UIInterfaceOrientationPortrait UIInterfaceOrientationLandscapeLeft UIInterfaceOrientationLandscapeRight";
				LD_RUNPATH_SEARCH_PATHS = (
					"$(inherited)",
					"@executable_path/Frameworks",
				);
				MARKETING_VERSION = 1.0;
				PRODUCT_BUNDLE_IDENTIFIER = com.kiki.KillYourTIme;
				PRODUCT_NAME = "$(TARGET_NAME)";
				SWIFT_EMIT_LOC_STRINGS = YES;
				SWIFT_VERSION = 5.0;
				TARGETED_DEVICE_FAMILY = "1,2";
			};
			name = Release;
		};
/* End XCBuildConfiguration section */

/* Begin XCConfigurationList section */
		2772F4F728C57F120088BDBD /* Build configuration list for PBXProject "KillYourTime" */ = {
			isa = XCConfigurationList;
			buildConfigurations = (
				2772F50828C57F150088BDBD /* Debug */,
				2772F50928C57F150088BDBD /* Release */,
			);
			defaultConfigurationIsVisible = 0;
			defaultConfigurationName = Release;
		};
		2772F50A28C57F150088BDBD /* Build configuration list for PBXNativeTarget "KillYourTIme" */ = {
			isa = XCConfigurationList;
			buildConfigurations = (
				2772F50B28C57F150088BDBD /* Debug */,
				2772F50C28C57F150088BDBD /* Release */,
			);
			defaultConfigurationIsVisible = 0;
			defaultConfigurationName = Release;
		};
/* End XCConfigurationList section */

/* Begin XCRemoteSwiftPackageReference section */
		274059C128C964D0004FC416 /* XCRemoteSwiftPackageReference "Alamofire" */ = {
			isa = XCRemoteSwiftPackageReference;
			repositoryURL = "https://github.com/Alamofire/Alamofire.git";
			requirement = {
				kind = upToNextMajorVersion;
				minimumVersion = 5.0.0;
			};
		};
/* End XCRemoteSwiftPackageReference section */

/* Begin XCSwiftPackageProductDependency section */
		274059C228C964D0004FC416 /* Alamofire */ = {
			isa = XCSwiftPackageProductDependency;
			package = 274059C128C964D0004FC416 /* XCRemoteSwiftPackageReference "Alamofire" */;
			productName = Alamofire;
		};
/* End XCSwiftPackageProductDependency section */

/* Begin XCVersionGroup section */
		2759B47A28C87F2700E5750C /* CoreData.xcdatamodeld */ = {
			isa = XCVersionGroup;
			children = (
				2759B47B28C87F2800E5750C /* CoreData.xcdatamodel */,
			);
			currentVersion = 2759B47B28C87F2800E5750C /* CoreData.xcdatamodel */;
			name = CoreData.xcdatamodeld;
			path = ../KillYourTime/CoreData.xcdatamodeld;
			sourceTree = "<group>";
			versionGroupType = wrapper.xcdatamodel;
		};
/* End XCVersionGroup section */
	};
	rootObject = 2772F4F428C57F120088BDBD /* Project object */;
}
